
Microsoft Visual Studio Solution File, Format Version 12.00
# Visual Studio Version 17
VisualStudioVersion = 17.12.35514.174
MinimumVisualStudioVersion = 10.0.40219.1
Project("{FAE04EC0-301F-11D3-BF4B-00C04F79EFBC}") = "ProjectVTK.Shared", "src\ProjectVTK.Shared.csproj", "{748A9788-1C66-4E98-BFB1-2DAA1589A8BF}"
EndProject
Project("{FAE04EC0-301F-11D3-BF4B-00C04F79EFBC}") = "ProjectVTK.Shared.Tests", "tests\ProjectVTK.Shared.Tests.csproj", "{C71E2059-1B51-450E-8F55-3888DAB5D10E}"
EndProject
Global
	GlobalSection(SolutionConfigurationPlatforms) = preSolution
		Debug|Any CPU = Debug|Any CPU
		Release|Any CPU = Release|Any CPU
	EndGlobalSection
	GlobalSection(ProjectConfigurationPlatforms) = postSolution
		{748A9788-1C66-4E98-BFB1-2DAA1589A8BF}.Debug|Any CPU.ActiveCfg = Debug|Any CPU
		{748A9788-1C66-4E98-BFB1-2DAA1589A8BF}.Debug|Any CPU.Build.0 = Debug|Any CPU
		{748A9788-1C66-4E98-BFB1-2DAA1589A8BF}.Release|Any CPU.ActiveCfg = Release|Any CPU
		{748A9788-1C66-4E98-BFB1-2DAA1589A8BF}.Release|Any CPU.Build.0 = Release|Any CPU
		{C71E2059-1B51-450E-8F55-3888DAB5D10E}.Debug|Any CPU.ActiveCfg = Debug|Any CPU
		{C71E2059-1B51-450E-8F55-3888DAB5D10E}.Debug|Any CPU.Build.0 = Debug|Any CPU
		{C71E2059-1B51-450E-8F55-3888DAB5D10E}.Release|Any CPU.ActiveCfg = Release|Any CPU
		{C71E2059-1B51-450E-8F55-3888DAB5D10E}.Release|Any CPU.Build.0 = Release|Any CPU
	EndGlobalSection
	GlobalSection(SolutionProperties) = preSolution
		HideSolutionNode = FALSE
	EndGlobalSection
EndGlobal
